
Microsoft Visual Studio Solution File, Format Version 12.00
# Visual Studio Version 17
VisualStudioVersion = 17.2.32630.192
MinimumVisualStudioVersion = 10.0.40219.1
Project("{FAE04EC0-301F-11D3-BF4B-00C04F79EFBC}") = "tests", "tests.csproj", "{8DCA229A-229F-467E-8D04-8541771D3399}"
EndProject
Global
	GlobalSection(SolutionConfigurationPlatforms) = preSolution
		Debug|Any CPU = Debug|Any CPU
		Release|Any CPU = Release|Any CPU
	EndGlobalSection
	GlobalSection(ProjectConfigurationPlatforms) = postSolution
		{8DCA229A-229F-467E-8D04-8541771D3399}.Debug|Any CPU.ActiveCfg = Debug|Any CPU
		{8DCA229A-229F-467E-8D04-8541771D3399}.Debug|Any CPU.Build.0 = Debug|Any CPU
		{8DCA229A-229F-467E-8D04-8541771D3399}.Release|Any CPU.ActiveCfg = Release|Any CPU
		{8DCA229A-229F-467E-8D04-8541771D3399}.Release|Any CPU.Build.0 = Release|Any CPU
	EndGlobalSection
	GlobalSection(SolutionProperties) = preSolution
		HideSolutionNode = FALSE
	EndGlobalSection
	GlobalSection(ExtensibilityGlobals) = postSolution
		SolutionGuid = {E6FC4CD6-1F04-474E-AEF7-EAE5184D22A6}
	EndGlobalSection
EndGlobal
